
Microsoft Visual Studio Solution File, Format Version 12.00
# Visual Studio 15
VisualStudioVersion = 15.0.26730.12
MinimumVisualStudioVersion = 10.0.40219.1
Project("{FAE04EC0-301F-11D3-BF4B-00C04F79EFBC}") = "MyHousing", "MyHousing\MyHousing.csproj", "{257DFB14-2FDB-42B5-9955-F16F14D6BD76}"
EndProject
Project("{FAE04EC0-301F-11D3-BF4B-00C04F79EFBC}") = "MyHousing.Tests", "MyHousing.Tests\MyHousing.Tests.csproj", "{35A2799A-D3F6-4C36-8B7E-0E240495A8B8}"
EndProject
Global
	GlobalSection(SolutionConfigurationPlatforms) = preSolution
		Debug|Any CPU = Debug|Any CPU
		Release|Any CPU = Release|Any CPU
	EndGlobalSection
	GlobalSection(ProjectConfigurationPlatforms) = postSolution
		{257DFB14-2FDB-42B5-9955-F16F14D6BD76}.Debug|Any CPU.ActiveCfg = Debug|Any CPU
		{257DFB14-2FDB-42B5-9955-F16F14D6BD76}.Debug|Any CPU.Build.0 = Debug|Any CPU
		{257DFB14-2FDB-42B5-9955-F16F14D6BD76}.Release|Any CPU.ActiveCfg = Release|Any CPU
		{257DFB14-2FDB-42B5-9955-F16F14D6BD76}.Release|Any CPU.Build.0 = Release|Any CPU
		{35A2799A-D3F6-4C36-8B7E-0E240495A8B8}.Debug|Any CPU.ActiveCfg = Debug|Any CPU
		{35A2799A-D3F6-4C36-8B7E-0E240495A8B8}.Debug|Any CPU.Build.0 = Debug|Any CPU
		{35A2799A-D3F6-4C36-8B7E-0E240495A8B8}.Release|Any CPU.ActiveCfg = Release|Any CPU
		{35A2799A-D3F6-4C36-8B7E-0E240495A8B8}.Release|Any CPU.Build.0 = Release|Any CPU
	EndGlobalSection
	GlobalSection(SolutionProperties) = preSolution
		HideSolutionNode = FALSE
	EndGlobalSection
	GlobalSection(ExtensibilityGlobals) = postSolution
		SolutionGuid = {DA846486-8D01-458C-A1B1-A07BA6AD535A}
	EndGlobalSection
EndGlobal
